
Microsoft Visual Studio Solution File, Format Version 12.00
# Visual Studio Version 17
VisualStudioVersion = 17.5.33530.505
MinimumVisualStudioVersion = 10.0.40219.1
Project("{FAE04EC0-301F-11D3-BF4B-00C04F79EFBC}") = "CRUDTest.API", "CRUDTest.API\CRUDTest.API.csproj", "{30696A0A-6887-4E1E-8E37-276F64D4AAFA}"
EndProject
Global
	GlobalSection(SolutionConfigurationPlatforms) = preSolution
		Debug|Any CPU = Debug|Any CPU
		Release|Any CPU = Release|Any CPU
	EndGlobalSection
	GlobalSection(ProjectConfigurationPlatforms) = postSolution
		{30696A0A-6887-4E1E-8E37-276F64D4AAFA}.Debug|Any CPU.ActiveCfg = Debug|Any CPU
		{30696A0A-6887-4E1E-8E37-276F64D4AAFA}.Debug|Any CPU.Build.0 = Debug|Any CPU
		{30696A0A-6887-4E1E-8E37-276F64D4AAFA}.Release|Any CPU.ActiveCfg = Release|Any CPU
		{30696A0A-6887-4E1E-8E37-276F64D4AAFA}.Release|Any CPU.Build.0 = Release|Any CPU
	EndGlobalSection
	GlobalSection(SolutionProperties) = preSolution
		HideSolutionNode = FALSE
	EndGlobalSection
	GlobalSection(ExtensibilityGlobals) = postSolution
		SolutionGuid = {890E613D-96EA-42A2-86A8-7AFDE83825B8}
	EndGlobalSection
EndGlobal
